version = 1
requires-python = ">=3.12"

[[package]]
name = "numpy"
version = "1.26.4"
source = { registry = "https://pypi.org/simple" }
sdist = { url = "https://files.pythonhosted.org/packages/65/6e/09db70a523a96d25e115e71cc56a6f9031e7b8cd166c1ac8438307c14058/numpy-1.26.4.tar.gz", hash = "sha256:2a02aba9ed12e4ac4eb3ea9421c420301a0c6460d9830d74a9df87efa4912010", size = 15786129 }
wheels = [
    { url = "https://files.pythonhosted.org/packages/95/12/8f2020a8e8b8383ac0177dc9570aad031a3beb12e38847f7129bacd96228/numpy-1.26.4-cp312-cp312-macosx_10_9_x86_64.whl", hash = "sha256:b3ce300f3644fb06443ee2222c2201dd3a89ea6040541412b8fa189341847218", size = 20335901 },
    { url = "https://files.pythonhosted.org/packages/75/5b/ca6c8bd14007e5ca171c7c03102d17b4f4e0ceb53957e8c44343a9546dcc/numpy-1.26.4-cp312-cp312-macosx_11_0_arm64.whl", hash = "sha256:03a8c78d01d9781b28a6989f6fa1bb2c4f2d51201cf99d3dd875df6fbd96b23b", size = 13685868 },
    { url = "https://files.pythonhosted.org/packages/79/f8/97f10e6755e2a7d027ca783f63044d5b1bc1ae7acb12afe6a9b4286eac17/numpy-1.26.4-cp312-cp312-manylinux_2_17_aarch64.manylinux2014_aarch64.whl", hash = "sha256:9fad7dcb1aac3c7f0584a5a8133e3a43eeb2fe127f47e3632d43d677c66c102b", size = 13925109 },
    { url = "https://files.pythonhosted.org/packages/0f/50/de23fde84e45f5c4fda2488c759b69990fd4512387a8632860f3ac9cd225/numpy-1.26.4-cp312-cp312-manylinux_2_17_x86_64.manylinux2014_x86_64.whl", hash = "sha256:675d61ffbfa78604709862923189bad94014bef562cc35cf61d3a07bba02a7ed", size = 17950613 },
    { url = "https://files.pythonhosted.org/packages/4c/0c/9c603826b6465e82591e05ca230dfc13376da512b25ccd0894709b054ed0/numpy-1.26.4-cp312-cp312-musllinux_1_1_aarch64.whl", hash = "sha256:ab47dbe5cc8210f55aa58e4805fe224dac469cde56b9f731a4c098b91917159a", size = 13572172 },
    { url = "https://files.pythonhosted.org/packages/76/8c/2ba3902e1a0fc1c74962ea9bb33a534bb05984ad7ff9515bf8d07527cadd/numpy-1.26.4-cp312-cp312-musllinux_1_1_x86_64.whl", hash = "sha256:1dda2e7b4ec9dd512f84935c5f126c8bd8b9f2fc001e9f54af255e8c5f16b0e0", size = 17786643 },
    { url = "https://files.pythonhosted.org/packages/28/4a/46d9e65106879492374999e76eb85f87b15328e06bd1550668f79f7b18c6/numpy-1.26.4-cp312-cp312-win32.whl", hash = "sha256:50193e430acfc1346175fcbdaa28ffec49947a06918b7b92130744e81e640110", size = 5677803 },
    { url = "https://files.pythonhosted.org/packages/16/2e/86f24451c2d530c88daf997cb8d6ac622c1d40d19f5a031ed68a4b73a374/numpy-1.26.4-cp312-cp312-win_amd64.whl", hash = "sha256:08beddf13648eb95f8d867350f6a018a4be2e5ad54c8d8caed89ebca558b2818", size = 15517754 },
]

[[package]]
name = "pandas"
version = "2.2.3"
source = { registry = "https://pypi.org/simple" }
dependencies = [
    { name = "numpy" },
    { name = "python-dateutil" },
    { name = "pytz" },
    { name = "tzdata" },
]
sdist = { url = "https://files.pythonhosted.org/packages/9c/d6/9f8431bacc2e19dca897724cd097b1bb224a6ad5433784a44b587c7c13af/pandas-2.2.3.tar.gz", hash = "sha256:4f18ba62b61d7e192368b84517265a99b4d7ee8912f8708660fb4a366cc82667", size = 4399213 }
wheels = [
    { url = "https://files.pythonhosted.org/packages/17/a3/fb2734118db0af37ea7433f57f722c0a56687e14b14690edff0cdb4b7e58/pandas-2.2.3-cp312-cp312-macosx_10_9_x86_64.whl", hash = "sha256:b1d432e8d08679a40e2a6d8b2f9770a5c21793a6f9f47fdd52c5ce1948a5a8a9", size = 12529893 },
    { url = "https://files.pythonhosted.org/packages/e1/0c/ad295fd74bfac85358fd579e271cded3ac969de81f62dd0142c426b9da91/pandas-2.2.3-cp312-cp312-macosx_11_0_arm64.whl", hash = "sha256:a5a1595fe639f5988ba6a8e5bc9649af3baf26df3998a0abe56c02609392e0a4", size = 11363475 },
    { url = "https://files.pythonhosted.org/packages/c6/2a/4bba3f03f7d07207481fed47f5b35f556c7441acddc368ec43d6643c5777/pandas-2.2.3-cp312-cp312-manylinux2014_aarch64.manylinux_2_17_aarch64.whl", hash = "sha256:5de54125a92bb4d1c051c0659e6fcb75256bf799a732a87184e5ea503965bce3", size = 15188645 },
    { url = "https://files.pythonhosted.org/packages/38/f8/d8fddee9ed0d0c0f4a2132c1dfcf0e3e53265055da8df952a53e7eaf178c/pandas-2.2.3-cp312-cp312-manylinux_2_17_x86_64.manylinux2014_x86_64.whl", hash = "sha256:fffb8ae78d8af97f849404f21411c95062db1496aeb3e56f146f0355c9989319", size = 12739445 },
    { url = "https://files.pythonhosted.org/packages/20/e8/45a05d9c39d2cea61ab175dbe6a2de1d05b679e8de2011da4ee190d7e748/pandas-2.2.3-cp312-cp312-musllinux_1_2_aarch64.whl", hash = "sha256:6dfcb5ee8d4d50c06a51c2fffa6cff6272098ad6540aed1a76d15fb9318194d8", size = 16359235 },
    { url = "https://files.pythonhosted.org/packages/1d/99/617d07a6a5e429ff90c90da64d428516605a1ec7d7bea494235e1c3882de/pandas-2.2.3-cp312-cp312-musllinux_1_2_x86_64.whl", hash = "sha256:062309c1b9ea12a50e8ce661145c6aab431b1e99530d3cd60640e255778bd43a", size = 14056756 },
    { url = "https://files.pythonhosted.org/packages/29/d4/1244ab8edf173a10fd601f7e13b9566c1b525c4f365d6bee918e68381889/pandas-2.2.3-cp312-cp312-win_amd64.whl", hash = "sha256:59ef3764d0fe818125a5097d2ae867ca3fa64df032331b7e0917cf5d7bf66b13", size = 11504248 },
    { url = "https://files.pythonhosted.org/packages/64/22/3b8f4e0ed70644e85cfdcd57454686b9057c6c38d2f74fe4b8bc2527214a/pandas-2.2.3-cp313-cp313-macosx_10_13_x86_64.whl", hash = "sha256:f00d1345d84d8c86a63e476bb4955e46458b304b9575dcf71102b5c705320015", size = 12477643 },
    { url = "https://files.pythonhosted.org/packages/e4/93/b3f5d1838500e22c8d793625da672f3eec046b1a99257666c94446969282/pandas-2.2.3-cp313-cp313-macosx_11_0_arm64.whl", hash = "sha256:3508d914817e153ad359d7e069d752cdd736a247c322d932eb89e6bc84217f28", size = 11281573 },
    { url = "https://files.pythonhosted.org/packages/f5/94/6c79b07f0e5aab1dcfa35a75f4817f5c4f677931d4234afcd75f0e6a66ca/pandas-2.2.3-cp313-cp313-manylinux2014_aarch64.manylinux_2_17_aarch64.whl", hash = "sha256:22a9d949bfc9a502d320aa04e5d02feab689d61da4e7764b62c30b991c42c5f0", size = 15196085 },
    { url = "https://files.pythonhosted.org/packages/e8/31/aa8da88ca0eadbabd0a639788a6da13bb2ff6edbbb9f29aa786450a30a91/pandas-2.2.3-cp313-cp313-manylinux_2_17_x86_64.manylinux2014_x86_64.whl", hash = "sha256:f3a255b2c19987fbbe62a9dfd6cff7ff2aa9ccab3fc75218fd4b7530f01efa24", size = 12711809 },
    { url = "https://files.pythonhosted.org/packages/ee/7c/c6dbdb0cb2a4344cacfb8de1c5808ca885b2e4dcfde8008266608f9372af/pandas-2.2.3-cp313-cp313-musllinux_1_2_aarch64.whl", hash = "sha256:800250ecdadb6d9c78eae4990da62743b857b470883fa27f652db8bdde7f6659", size = 16356316 },
    { url = "https://files.pythonhosted.org/packages/57/b7/8b757e7d92023b832869fa8881a992696a0bfe2e26f72c9ae9f255988d42/pandas-2.2.3-cp313-cp313-musllinux_1_2_x86_64.whl", hash = "sha256:6374c452ff3ec675a8f46fd9ab25c4ad0ba590b71cf0656f8b6daa5202bca3fb", size = 14022055 },
    { url = "https://files.pythonhosted.org/packages/3b/bc/4b18e2b8c002572c5a441a64826252ce5da2aa738855747247a971988043/pandas-2.2.3-cp313-cp313-win_amd64.whl", hash = "sha256:61c5ad4043f791b61dd4752191d9f07f0ae412515d59ba8f005832a532f8736d", size = 11481175 },
    { url = "https://files.pythonhosted.org/packages/76/a3/a5d88146815e972d40d19247b2c162e88213ef51c7c25993942c39dbf41d/pandas-2.2.3-cp313-cp313t-macosx_10_13_x86_64.whl", hash = "sha256:3b71f27954685ee685317063bf13c7709a7ba74fc996b84fc6821c59b0f06468", size = 12615650 },
    { url = "https://files.pythonhosted.org/packages/9c/8c/f0fd18f6140ddafc0c24122c8a964e48294acc579d47def376fef12bcb4a/pandas-2.2.3-cp313-cp313t-macosx_11_0_arm64.whl", hash = "sha256:38cf8125c40dae9d5acc10fa66af8ea6fdf760b2714ee482ca691fc66e6fcb18", size = 11290177 },
    { url = "https://files.pythonhosted.org/packages/ed/f9/e995754eab9c0f14c6777401f7eece0943840b7a9fc932221c19d1abee9f/pandas-2.2.3-cp313-cp313t-manylinux2014_aarch64.manylinux_2_17_aarch64.whl", hash = "sha256:ba96630bc17c875161df3818780af30e43be9b166ce51c9a18c1feae342906c2", size = 14651526 },
    { url = "https://files.pythonhosted.org/packages/25/b0/98d6ae2e1abac4f35230aa756005e8654649d305df9a28b16b9ae4353bff/pandas-2.2.3-cp313-cp313t-manylinux_2_17_x86_64.manylinux2014_x86_64.whl", hash = "sha256:1db71525a1538b30142094edb9adc10be3f3e176748cd7acc2240c2f2e5aa3a4", size = 11871013 },
    { url = "https://files.pythonhosted.org/packages/cc/57/0f72a10f9db6a4628744c8e8f0df4e6e21de01212c7c981d31e50ffc8328/pandas-2.2.3-cp313-cp313t-musllinux_1_2_aarch64.whl", hash = "sha256:15c0e1e02e93116177d29ff83e8b1619c93ddc9c49083f237d4312337a61165d", size = 15711620 },
    { url = "https://files.pythonhosted.org/packages/ab/5f/b38085618b950b79d2d9164a711c52b10aefc0ae6833b96f626b7021b2ed/pandas-2.2.3-cp313-cp313t-musllinux_1_2_x86_64.whl", hash = "sha256:ad5b65698ab28ed8d7f18790a0dc58005c7629f227be9ecc1072aa74c0c1d43a", size = 13098436 },
]

[[package]]
name = "plastl"
version = "0.1.0"
source = { virtual = "." }
dependencies = [
    { name = "numpy" },
    { name = "pandas" },
    { name = "pyqt5" },
    { name = "trimesh" },
]

[package.metadata]
requires-dist = [
    { name = "numpy", specifier = "<2" },
    { name = "pandas", specifier = ">=2.2.3" },
    { name = "pyqt5", specifier = ">=5.15.11" },
    { name = "trimesh", specifier = ">=4.6.8" },
]

[[package]]
name = "pyqt5"
version = "5.15.11"
source = { registry = "https://pypi.org/simple" }
dependencies = [
    { name = "pyqt5-qt5" },
    { name = "pyqt5-sip" },
]
sdist = { url = "https://files.pythonhosted.org/packages/0e/07/c9ed0bd428df6f87183fca565a79fee19fa7c88c7f00a7f011ab4379e77a/PyQt5-5.15.11.tar.gz", hash = "sha256:fda45743ebb4a27b4b1a51c6d8ef455c4c1b5d610c90d2934c7802b5c1557c52", size = 3216775 }
wheels = [
    { url = "https://files.pythonhosted.org/packages/11/64/42ec1b0bd72d87f87bde6ceb6869f444d91a2d601f2e67cd05febc0346a1/PyQt5-5.15.11-cp38-abi3-macosx_11_0_arm64.whl", hash = "sha256:c8b03dd9380bb13c804f0bdb0f4956067f281785b5e12303d529f0462f9afdc2", size = 6579776 },
    { url = "https://files.pythonhosted.org/packages/49/f5/3fb696f4683ea45d68b7e77302eff173493ac81e43d63adb60fa760b9f91/PyQt5-5.15.11-cp38-abi3-macosx_11_0_x86_64.whl", hash = "sha256:6cd75628f6e732b1ffcfe709ab833a0716c0445d7aec8046a48d5843352becb6", size = 7016415 },
    { url = "https://files.pythonhosted.org/packages/b4/8c/4065950f9d013c4b2e588fe33cf04e564c2322842d84dbcbce5ba1dc28b0/PyQt5-5.15.11-cp38-abi3-manylinux_2_17_x86_64.whl", hash = "sha256:cd672a6738d1ae33ef7d9efa8e6cb0a1525ecf53ec86da80a9e1b6ec38c8d0f1", size = 8188103 },
    { url = "https://files.pythonhosted.org/packages/f3/f0/ae5a5b4f9b826b29ea4be841b2f2d951bcf5ae1d802f3732b145b57c5355/PyQt5-5.15.11-cp38-abi3-win32.whl", hash = "sha256:76be0322ceda5deecd1708a8d628e698089a1cea80d1a49d242a6d579a40babd", size = 5433308 },
    { url = "https://files.pythonhosted.org/packages/56/d5/68eb9f3d19ce65df01b6c7b7a577ad3bbc9ab3a5dd3491a4756e71838ec9/PyQt5-5.15.11-cp38-abi3-win_amd64.whl", hash = "sha256:bdde598a3bb95022131a5c9ea62e0a96bd6fb28932cc1619fd7ba211531b7517", size = 6865864 },
]

[[package]]
name = "pyqt5-qt5"
version = "5.15.16"
source = { registry = "https://pypi.org/simple" }
wheels = [
    { url = "https://files.pythonhosted.org/packages/2f/97/ef77663fb5d61b65f2e93edc135cc0b86724c1fc610c10a6867ae0c0baff/PyQt5_Qt5-5.15.16-1-py3-none-manylinux2014_x86_64.whl", hash = "sha256:2cfa8f50dd29618ef98f29355f83d8a5f3e41003be22128e9b5d94d214b6b468", size = 61080044 },
    { url = "https://files.pythonhosted.org/packages/ff/89/65a4b9c6bc89012182ff46bf8e503a8aa5e5570df7cb628211c93012beca/PyQt5_Qt5-5.15.16-py3-none-macosx_10_13_x86_64.whl", hash = "sha256:18b6fec012de60921fcb131cf2a21368171dc29050d43e4b81a64be407a36105", size = 39957063 },
    { url = "https://files.pythonhosted.org/packages/0a/60/b6db285c87666b02aa11d0946d7bb381d8bdcc815cc5aa61fa91272b321b/PyQt5_Qt5-5.15.16-py3-none-macosx_11_0_arm64.whl", hash = "sha256:e1a0e7ae35a7615c74a293705204579650930486a89af23082462f429dae504a", size = 37122434 },
    { url = "https://files.pythonhosted.org/packages/dc/1a/c4f861c4d7a9844a207b8bc3aa9dd84c51f823784d405469cde83d736cf1/PyQt5_Qt5-5.15.16-py3-none-manylinux2014_x86_64.whl", hash = "sha256:5ee1754a6460849cba76c0f0c490c0ccc3b514abc780b141cf772db22b76b54b", size = 59854452 },
]

[[package]]
name = "pyqt5-sip"
version = "12.17.0"
source = { registry = "https://pypi.org/simple" }
sdist = { url = "https://files.pythonhosted.org/packages/01/79/086b50414bafa71df494398ad277d72e58229a3d1c1b1c766d12b14c2e6d/pyqt5_sip-12.17.0.tar.gz", hash = "sha256:682dadcdbd2239af9fdc0c0628e2776b820e128bec88b49b8d692fe682f90b4f", size = 104042 }
wheels = [
    { url = "https://files.pythonhosted.org/packages/a3/e6/e51367c28d69b5a462f38987f6024e766fd8205f121fe2f4d8ba2a6886b9/PyQt5_sip-12.17.0-cp312-cp312-macosx_10_9_universal2.whl", hash = "sha256:ea08341c8a5da00c81df0d689ecd4ee47a95e1ecad9e362581c92513f2068005", size = 124650 },
    { url = "https://files.pythonhosted.org/packages/64/3b/e6d1f772b41d8445d6faf86cc9da65910484ebd9f7df83abc5d4955437d0/PyQt5_sip-12.17.0-cp312-cp312-manylinux_2_5_x86_64.manylinux1_x86_64.whl", hash = "sha256:4a92478d6808040fbe614bb61500fbb3f19f72714b99369ec28d26a7e3494115", size = 281893 },
    { url = "https://files.pythonhosted.org/packages/ed/c5/d17fc2ddb9156a593710c88afd98abcf4055a2224b772f8bec2c6eea879c/PyQt5_sip-12.17.0-cp312-cp312-win32.whl", hash = "sha256:b0ff280b28813e9bfd3a4de99490739fc29b776dc48f1c849caca7239a10fc8b", size = 49438 },
    { url = "https://files.pythonhosted.org/packages/fe/c5/1174988d52c732d07033cf9a5067142b01d76be7731c6394a64d5c3ef65c/PyQt5_sip-12.17.0-cp312-cp312-win_amd64.whl", hash = "sha256:54c31de7706d8a9a8c0fc3ea2c70468aba54b027d4974803f8eace9c22aad41c", size = 58017 },
    { url = "https://files.pythonhosted.org/packages/fd/5d/f234e505af1a85189310521447ebc6052ebb697efded850d0f2b2555f7aa/PyQt5_sip-12.17.0-cp313-cp313-macosx_10_13_universal2.whl", hash = "sha256:c7a7ff355e369616b6bcb41d45b742327c104b2bf1674ec79b8d67f8f2fa9543", size = 124580 },
    { url = "https://files.pythonhosted.org/packages/cd/cb/3b2050e9644d0021bdf25ddf7e4c3526e1edd0198879e76ba308e5d44faf/PyQt5_sip-12.17.0-cp313-cp313-manylinux_2_5_x86_64.manylinux1_x86_64.whl", hash = "sha256:419b9027e92b0b707632c370cfc6dc1f3b43c6313242fc4db57a537029bd179c", size = 281563 },
    { url = "https://files.pythonhosted.org/packages/51/61/b8ebde7e0b32d0de44c521a0ace31439885b0423d7d45d010a2f7d92808c/PyQt5_sip-12.17.0-cp313-cp313-win32.whl", hash = "sha256:351beab964a19f5671b2a3e816ecf4d3543a99a7e0650f88a947fea251a7589f", size = 49383 },
    { url = "https://files.pythonhosted.org/packages/15/ed/ff94d6b2910e7627380cb1fc9a518ff966e6d78285c8e54c9422b68305db/PyQt5_sip-12.17.0-cp313-cp313-win_amd64.whl", hash = "sha256:672c209d05661fab8e17607c193bf43991d268a1eefbc2c4551fbf30fd8bb2ca", size = 58022 },
]

[[package]]
name = "python-dateutil"
version = "2.9.0.post0"
source = { registry = "https://pypi.org/simple" }
dependencies = [
    { name = "six" },
]
sdist = { url = "https://files.pythonhosted.org/packages/66/c0/0c8b6ad9f17a802ee498c46e004a0eb49bc148f2fd230864601a86dcf6db/python-dateutil-2.9.0.post0.tar.gz", hash = "sha256:37dd54208da7e1cd875388217d5e00ebd4179249f90fb72437e91a35459a0ad3", size = 342432 }
wheels = [
    { url = "https://files.pythonhosted.org/packages/ec/57/56b9bcc3c9c6a792fcbaf139543cee77261f3651ca9da0c93f5c1221264b/python_dateutil-2.9.0.post0-py2.py3-none-any.whl", hash = "sha256:a8b2bc7bffae282281c8140a97d3aa9c14da0b136dfe83f850eea9a5f7470427", size = 229892 },
]

[[package]]
name = "pytz"
version = "2025.2"
source = { registry = "https://pypi.org/simple" }
sdist = { url = "https://files.pythonhosted.org/packages/f8/bf/abbd3cdfb8fbc7fb3d4d38d320f2441b1e7cbe29be4f23797b4a2b5d8aac/pytz-2025.2.tar.gz", hash = "sha256:360b9e3dbb49a209c21ad61809c7fb453643e048b38924c765813546746e81c3", size = 320884 }
wheels = [
    { url = "https://files.pythonhosted.org/packages/81/c4/34e93fe5f5429d7570ec1fa436f1986fb1f00c3e0f43a589fe2bbcd22c3f/pytz-2025.2-py2.py3-none-any.whl", hash = "sha256:5ddf76296dd8c44c26eb8f4b6f35488f3ccbf6fbbd7adee0b7262d43f0ec2f00", size = 509225 },
]

[[package]]
name = "six"
version = "1.17.0"
source = { registry = "https://pypi.org/simple" }
sdist = { url = "https://files.pythonhosted.org/packages/94/e7/b2c673351809dca68a0e064b6af791aa332cf192da575fd474ed7d6f16a2/six-1.17.0.tar.gz", hash = "sha256:ff70335d468e7eb6ec65b95b99d3a2836546063f63acc5171de367e834932a81", size = 34031 }
wheels = [
    { url = "https://files.pythonhosted.org/packages/b7/ce/149a00dd41f10bc29e5921b496af8b574d8413afcd5e30dfa0ed46c2cc5e/six-1.17.0-py2.py3-none-any.whl", hash = "sha256:4721f391ed90541fddacab5acf947aa0d3dc7d27b2e1e8eda2be8970586c3274", size = 11050 },
]

[[package]]
name = "trimesh"
version = "4.6.8"
source = { registry = "https://pypi.org/simple" }
dependencies = [
    { name = "numpy" },
]
sdist = { url = "https://files.pythonhosted.org/packages/75/30/0970d385327e2ea3fad8b2ec9453e48b802e97ba13d85fbda2c45ec20b8a/trimesh-4.6.8.tar.gz", hash = "sha256:d00b1834eaeea2b4326a2f3a98c9e28553f3508430e555bbc424c26a74e01154", size = 797733 }
wheels = [
    { url = "https://files.pythonhosted.org/packages/32/80/c1b40335949fec3ca1ecea7ddb3f4977dfc104d84dc54e9384f7ccc52124/trimesh-4.6.8-py3-none-any.whl", hash = "sha256:a7b1073c001ff0498e30db8ae4cec9182bd36dd68be19dc6afeda6c0ebd9e54d", size = 709296 },
]

[[package]]
name = "tzdata"
version = "2025.2"
source = { registry = "https://pypi.org/simple" }
sdist = { url = "https://files.pythonhosted.org/packages/95/32/1a225d6164441be760d75c2c42e2780dc0873fe382da3e98a2e1e48361e5/tzdata-2025.2.tar.gz", hash = "sha256:b60a638fcc0daffadf82fe0f57e53d06bdec2f36c4df66280ae79bce6bd6f2b9", size = 196380 }
wheels = [
    { url = "https://files.pythonhosted.org/packages/5c/23/c7abc0ca0a1526a0774eca151daeb8de62ec457e77262b66b359c3c7679e/tzdata-2025.2-py2.py3-none-any.whl", hash = "sha256:1a403fada01ff9221ca8044d701868fa132215d84beb92242d9acd2147f667a8", size = 347839 },
]
