version = 1
requires-python = ">=3.12"
resolution-markers = [
    "sys_platform == 'win32'",
    "sys_platform != 'win32'",
]

[[package]]
name = "altgraph"
version = "0.17.4"
source = { registry = "https://pypi.org/simple" }
sdist = { url = "https://files.pythonhosted.org/packages/de/a8/7145824cf0b9e3c28046520480f207df47e927df83aa9555fb47f8505922/altgraph-0.17.4.tar.gz", hash = "sha256:1b5afbb98f6c4dcadb2e2ae6ab9fa994bbb8c1d75f4fa96d340f9437ae454406", size = 48418 }
wheels = [
    { url = "https://files.pythonhosted.org/packages/4d/3f/3bc3f1d83f6e4a7fcb834d3720544ca597590425be5ba9db032b2bf322a2/altgraph-0.17.4-py2.py3-none-any.whl", hash = "sha256:642743b4750de17e655e6711601b077bc6598dbfa3ba5fa2b2a35ce12b508dff", size = 21212 },
]

[[package]]
name = "macholib"
version = "1.16.3"
source = { registry = "https://pypi.org/simple" }
dependencies = [
    { name = "altgraph", marker = "sys_platform != 'win32'" },
]
sdist = { url = "https://files.pythonhosted.org/packages/95/ee/af1a3842bdd5902ce133bd246eb7ffd4375c38642aeb5dc0ae3a0329dfa2/macholib-1.16.3.tar.gz", hash = "sha256:07ae9e15e8e4cd9a788013d81f5908b3609aa76f9b1421bae9c4d7606ec86a30", size = 59309 }
wheels = [
    { url = "https://files.pythonhosted.org/packages/d1/5d/c059c180c84f7962db0aeae7c3b9303ed1d73d76f2bfbc32bc231c8be314/macholib-1.16.3-py2.py3-none-any.whl", hash = "sha256:0e315d7583d38b8c77e815b1ecbdbf504a8258d8b3e17b61165c6feb60d18f2c", size = 38094 },
]

[[package]]
name = "numpy"
version = "1.26.4"
source = { registry = "https://pypi.org/simple" }
sdist = { url = "https://files.pythonhosted.org/packages/65/6e/09db70a523a96d25e115e71cc56a6f9031e7b8cd166c1ac8438307c14058/numpy-1.26.4.tar.gz", hash = "sha256:2a02aba9ed12e4ac4eb3ea9421c420301a0c6460d9830d74a9df87efa4912010", size = 15786129 }
wheels = [
    { url = "https://files.pythonhosted.org/packages/95/12/8f2020a8e8b8383ac0177dc9570aad031a3beb12e38847f7129bacd96228/numpy-1.26.4-cp312-cp312-macosx_10_9_x86_64.whl", hash = "sha256:b3ce300f3644fb06443ee2222c2201dd3a89ea6040541412b8fa189341847218", size = 20335901 },
    { url = "https://files.pythonhosted.org/packages/75/5b/ca6c8bd14007e5ca171c7c03102d17b4f4e0ceb53957e8c44343a9546dcc/numpy-1.26.4-cp312-cp312-macosx_11_0_arm64.whl", hash = "sha256:03a8c78d01d9781b28a6989f6fa1bb2c4f2d51201cf99d3dd875df6fbd96b23b", size = 13685868 },
    { url = "https://files.pythonhosted.org/packages/79/f8/97f10e6755e2a7d027ca783f63044d5b1bc1ae7acb12afe6a9b4286eac17/numpy-1.26.4-cp312-cp312-manylinux_2_17_aarch64.manylinux2014_aarch64.whl", hash = "sha256:9fad7dcb1aac3c7f0584a5a8133e3a43eeb2fe127f47e3632d43d677c66c102b", size = 13925109 },
    { url = "https://files.pythonhosted.org/packages/0f/50/de23fde84e45f5c4fda2488c759b69990fd4512387a8632860f3ac9cd225/numpy-1.26.4-cp312-cp312-manylinux_2_17_x86_64.manylinux2014_x86_64.whl", hash = "sha256:675d61ffbfa78604709862923189bad94014bef562cc35cf61d3a07bba02a7ed", size = 17950613 },
    { url = "https://files.pythonhosted.org/packages/4c/0c/9c603826b6465e82591e05ca230dfc13376da512b25ccd0894709b054ed0/numpy-1.26.4-cp312-cp312-musllinux_1_1_aarch64.whl", hash = "sha256:ab47dbe5cc8210f55aa58e4805fe224dac469cde56b9f731a4c098b91917159a", size = 13572172 },
    { url = "https://files.pythonhosted.org/packages/76/8c/2ba3902e1a0fc1c74962ea9bb33a534bb05984ad7ff9515bf8d07527cadd/numpy-1.26.4-cp312-cp312-musllinux_1_1_x86_64.whl", hash = "sha256:1dda2e7b4ec9dd512f84935c5f126c8bd8b9f2fc001e9f54af255e8c5f16b0e0", size = 17786643 },
    { url = "https://files.pythonhosted.org/packages/28/4a/46d9e65106879492374999e76eb85f87b15328e06bd1550668f79f7b18c6/numpy-1.26.4-cp312-cp312-win32.whl", hash = "sha256:50193e430acfc1346175fcbdaa28ffec49947a06918b7b92130744e81e640110", size = 5677803 },
    { url = "https://files.pythonhosted.org/packages/16/2e/86f24451c2d530c88daf997cb8d6ac622c1d40d19f5a031ed68a4b73a374/numpy-1.26.4-cp312-cp312-win_amd64.whl", hash = "sha256:08beddf13648eb95f8d867350f6a018a4be2e5ad54c8d8caed89ebca558b2818", size = 15517754 },
]

[[package]]
name = "packaging"
version = "25.0"
source = { registry = "https://pypi.org/simple" }
sdist = { url = "https://files.pythonhosted.org/packages/a1/d4/1fc4078c65507b51b96ca8f8c3ba19e6a61c8253c72794544580a7b6c24d/packaging-25.0.tar.gz", hash = "sha256:d443872c98d677bf60f6a1f2f8c1cb748e8fe762d2bf9d3148b5599295b0fc4f", size = 165727 }
wheels = [
    { url = "https://files.pythonhosted.org/packages/20/12/38679034af332785aac8774540895e234f4d07f7545804097de4b666afd8/packaging-25.0-py3-none-any.whl", hash = "sha256:29572ef2b1f17581046b3a2227d5c611fb25ec70ca1ba8554b24b0e69331a484", size = 66469 },
]

[[package]]
name = "pefile"
version = "2023.2.7"
source = { registry = "https://pypi.org/simple" }
sdist = { url = "https://files.pythonhosted.org/packages/78/c5/3b3c62223f72e2360737fd2a57c30e5b2adecd85e70276879609a7403334/pefile-2023.2.7.tar.gz", hash = "sha256:82e6114004b3d6911c77c3953e3838654b04511b8b66e8583db70c65998017dc", size = 74854 }
wheels = [
    { url = "https://files.pythonhosted.org/packages/55/26/d0ad8b448476d0a1e8d3ea5622dc77b916db84c6aa3cb1e1c0965af948fc/pefile-2023.2.7-py3-none-any.whl", hash = "sha256:da185cd2af68c08a6cd4481f7325ed600a88f6a813bad9dea07ab3ef73d8d8d6", size = 71791 },
]

[[package]]
name = "plastl"
version = "1.0.0"
source = { virtual = "." }
dependencies = [
    { name = "numpy" },
    { name = "pyqt5", version = "5.15.2", source = { registry = "https://pypi.org/simple" }, marker = "sys_platform == 'win32'" },
    { name = "pyqt5", version = "5.15.11", source = { registry = "https://pypi.org/simple" }, marker = "sys_platform != 'win32'" },
    { name = "trimesh" },
]

[package.dev-dependencies]
dev = [
    { name = "pyinstaller" },
]

[package.metadata]
requires-dist = [
    { name = "numpy", specifier = "<2" },
    { name = "pyqt5", marker = "sys_platform != 'win32'", specifier = ">=5.15.11" },
    { name = "pyqt5", marker = "sys_platform == 'win32'", specifier = "<=5.15.2" },
    { name = "trimesh", specifier = ">=4.6.8" },
]

[package.metadata.requires-dev]
dev = [{ name = "pyinstaller", specifier = ">=6.13.0" }]

[[package]]
name = "pyinstaller"
version = "6.13.0"
source = { registry = "https://pypi.org/simple" }
dependencies = [
    { name = "altgraph" },
    { name = "macholib", marker = "sys_platform == 'darwin'" },
    { name = "packaging" },
    { name = "pefile", marker = "sys_platform == 'win32'" },
    { name = "pyinstaller-hooks-contrib" },
    { name = "pywin32-ctypes", marker = "sys_platform == 'win32'" },
    { name = "setuptools" },
]
sdist = { url = "https://files.pythonhosted.org/packages/a8/b1/2949fe6d3874e961898ca5cfc1bf2cf13bdeea488b302e74a745bc28c8ba/pyinstaller-6.13.0.tar.gz", hash = "sha256:38911feec2c5e215e5159a7e66fdb12400168bd116143b54a8a7a37f08733456", size = 4276427 }
wheels = [
    { url = "https://files.pythonhosted.org/packages/b4/02/d1a347d35b1b627da1e148159e617576555619ac3bb8bbd5fed661fc7bb5/pyinstaller-6.13.0-py3-none-macosx_10_13_universal2.whl", hash = "sha256:aa404f0b02cd57948098055e76ee190b8e65ccf7a2a3f048e5000f668317069f", size = 1001923 },
    { url = "https://files.pythonhosted.org/packages/6b/80/6da39f7aeac65c9ca5afad0fac37887d75fdfd480178a7077c9d30b0704c/pyinstaller-6.13.0-py3-none-manylinux2014_aarch64.whl", hash = "sha256:92efcf2f09e78f07b568c5cb7ed48c9940f5dad627af4b49bede6320fab2a06e", size = 718135 },
    { url = "https://files.pythonhosted.org/packages/05/2c/d21d31f780a489609e7bf6385c0f7635238dc98b37cba8645b53322b7450/pyinstaller-6.13.0-py3-none-manylinux2014_i686.whl", hash = "sha256:9f82f113c463f012faa0e323d952ca30a6f922685d9636e754bd3a256c7ed200", size = 728543 },
    { url = "https://files.pythonhosted.org/packages/e1/20/e6ca87bbed6c0163533195707f820f05e10b8da1223fc6972cfe3c3c50c7/pyinstaller-6.13.0-py3-none-manylinux2014_ppc64le.whl", hash = "sha256:db0e7945ebe276f604eb7c36e536479556ab32853412095e19172a5ec8fca1c5", size = 726868 },
    { url = "https://files.pythonhosted.org/packages/20/d5/53b19285f8817ab6c4b07c570208d62606bab0e5a049d50c93710a1d9dc6/pyinstaller-6.13.0-py3-none-manylinux2014_s390x.whl", hash = "sha256:92fe7337c5aa08d42b38d7a79614492cb571489f2cb0a8f91dc9ef9ccbe01ed3", size = 725037 },
    { url = "https://files.pythonhosted.org/packages/84/5b/08e0b305ba71e6d7cb247e27d714da7536895b0283132d74d249bf662366/pyinstaller-6.13.0-py3-none-manylinux2014_x86_64.whl", hash = "sha256:bc09795f5954135dd4486c1535650958c8218acb954f43860e4b05fb515a21c0", size = 721027 },
    { url = "https://files.pythonhosted.org/packages/1f/9c/d8d0a7120103471be8dbe1c5419542aa794b9b9ec2ef628b542f9e6f9ef0/pyinstaller-6.13.0-py3-none-musllinux_1_1_aarch64.whl", hash = "sha256:589937548d34978c568cfdc39f31cf386f45202bc27fdb8facb989c79dfb4c02", size = 723443 },
    { url = "https://files.pythonhosted.org/packages/52/c7/8a9d81569dda2352068ecc6ee779d5feff6729569dd1b4ffd1236ecd38fe/pyinstaller-6.13.0-py3-none-musllinux_1_1_x86_64.whl", hash = "sha256:b7260832f7501ba1d2ce1834d4cddc0f2b94315282bc89c59333433715015447", size = 719915 },
    { url = "https://files.pythonhosted.org/packages/d5/e6/cccadb02b90198c7ed4ffb8bc34d420efb72b996f47cbd4738067a602d65/pyinstaller-6.13.0-py3-none-win32.whl", hash = "sha256:80c568848529635aa7ca46d8d525f68486d53e03f68b7bb5eba2c88d742e302c", size = 1294997 },
    { url = "https://files.pythonhosted.org/packages/1a/06/15cbe0e25d1e73d5b981fa41ff0bb02b15e924e30b8c61256f4a28c4c837/pyinstaller-6.13.0-py3-none-win_amd64.whl", hash = "sha256:8d4296236b85aae570379488c2da833b28828b17c57c2cc21fccd7e3811fe372", size = 1352714 },
    { url = "https://files.pythonhosted.org/packages/83/ef/74379298d46e7caa6aa7ceccc865106d3d4b15ac487ffdda2a35bfb6fe79/pyinstaller-6.13.0-py3-none-win_arm64.whl", hash = "sha256:d9f21d56ca2443aa6a1e255e7ad285c76453893a454105abe1b4d45e92bb9a20", size = 1293589 },
]

[[package]]
name = "pyinstaller-hooks-contrib"
version = "2025.4"
source = { registry = "https://pypi.org/simple" }
dependencies = [
    { name = "packaging" },
    { name = "setuptools" },
]
sdist = { url = "https://files.pythonhosted.org/packages/e3/94/dfc5c7903306211798f990e6794c2eb7b8685ac487b26979e9255790419c/pyinstaller_hooks_contrib-2025.4.tar.gz", hash = "sha256:5ce1afd1997b03e70f546207031cfdf2782030aabacc102190677059e2856446", size = 162628 }
wheels = [
    { url = "https://files.pythonhosted.org/packages/d3/e1/ed48c7074145898e5c5b0072e87be975c5bd6a1d0f08c27a1daa7064fca0/pyinstaller_hooks_contrib-2025.4-py3-none-any.whl", hash = "sha256:6c2d73269b4c484eb40051fc1acee0beb113c2cfb3b37437b8394faae6f0d072", size = 434451 },
]

[[package]]
name = "pyqt5"
version = "5.15.2"
source = { registry = "https://pypi.org/simple" }
resolution-markers = [
    "sys_platform == 'win32'",
]
dependencies = [
    { name = "pyqt5-sip", marker = "sys_platform == 'win32'" },
]
sdist = { url = "https://files.pythonhosted.org/packages/28/6c/640e3f5c734c296a7193079a86842a789edb7988dca39eab44579088a1d1/PyQt5-5.15.2.tar.gz", hash = "sha256:372b08dc9321d1201e4690182697c5e7ffb2e0770e6b4a45519025134b12e4fc", size = 3265445 }

[[package]]
name = "pyqt5"
version = "5.15.11"
source = { registry = "https://pypi.org/simple" }
resolution-markers = [
    "sys_platform != 'win32'",
]
dependencies = [
    { name = "pyqt5-qt5", marker = "sys_platform != 'win32'" },
    { name = "pyqt5-sip", marker = "sys_platform != 'win32'" },
]
sdist = { url = "https://files.pythonhosted.org/packages/0e/07/c9ed0bd428df6f87183fca565a79fee19fa7c88c7f00a7f011ab4379e77a/PyQt5-5.15.11.tar.gz", hash = "sha256:fda45743ebb4a27b4b1a51c6d8ef455c4c1b5d610c90d2934c7802b5c1557c52", size = 3216775 }
wheels = [
    { url = "https://files.pythonhosted.org/packages/11/64/42ec1b0bd72d87f87bde6ceb6869f444d91a2d601f2e67cd05febc0346a1/PyQt5-5.15.11-cp38-abi3-macosx_11_0_arm64.whl", hash = "sha256:c8b03dd9380bb13c804f0bdb0f4956067f281785b5e12303d529f0462f9afdc2", size = 6579776 },
    { url = "https://files.pythonhosted.org/packages/49/f5/3fb696f4683ea45d68b7e77302eff173493ac81e43d63adb60fa760b9f91/PyQt5-5.15.11-cp38-abi3-macosx_11_0_x86_64.whl", hash = "sha256:6cd75628f6e732b1ffcfe709ab833a0716c0445d7aec8046a48d5843352becb6", size = 7016415 },
    { url = "https://files.pythonhosted.org/packages/b4/8c/4065950f9d013c4b2e588fe33cf04e564c2322842d84dbcbce5ba1dc28b0/PyQt5-5.15.11-cp38-abi3-manylinux_2_17_x86_64.whl", hash = "sha256:cd672a6738d1ae33ef7d9efa8e6cb0a1525ecf53ec86da80a9e1b6ec38c8d0f1", size = 8188103 },
]

[[package]]
name = "pyqt5-qt5"
version = "5.15.16"
source = { registry = "https://pypi.org/simple" }
wheels = [
    { url = "https://files.pythonhosted.org/packages/2f/97/ef77663fb5d61b65f2e93edc135cc0b86724c1fc610c10a6867ae0c0baff/PyQt5_Qt5-5.15.16-1-py3-none-manylinux2014_x86_64.whl", hash = "sha256:2cfa8f50dd29618ef98f29355f83d8a5f3e41003be22128e9b5d94d214b6b468", size = 61080044 },
    { url = "https://files.pythonhosted.org/packages/ff/89/65a4b9c6bc89012182ff46bf8e503a8aa5e5570df7cb628211c93012beca/PyQt5_Qt5-5.15.16-py3-none-macosx_10_13_x86_64.whl", hash = "sha256:18b6fec012de60921fcb131cf2a21368171dc29050d43e4b81a64be407a36105", size = 39957063 },
    { url = "https://files.pythonhosted.org/packages/0a/60/b6db285c87666b02aa11d0946d7bb381d8bdcc815cc5aa61fa91272b321b/PyQt5_Qt5-5.15.16-py3-none-macosx_11_0_arm64.whl", hash = "sha256:e1a0e7ae35a7615c74a293705204579650930486a89af23082462f429dae504a", size = 37122434 },
    { url = "https://files.pythonhosted.org/packages/dc/1a/c4f861c4d7a9844a207b8bc3aa9dd84c51f823784d405469cde83d736cf1/PyQt5_Qt5-5.15.16-py3-none-manylinux2014_x86_64.whl", hash = "sha256:5ee1754a6460849cba76c0f0c490c0ccc3b514abc780b141cf772db22b76b54b", size = 59854452 },
]

[[package]]
name = "pyqt5-sip"
version = "12.17.0"
source = { registry = "https://pypi.org/simple" }
sdist = { url = "https://files.pythonhosted.org/packages/01/79/086b50414bafa71df494398ad277d72e58229a3d1c1b1c766d12b14c2e6d/pyqt5_sip-12.17.0.tar.gz", hash = "sha256:682dadcdbd2239af9fdc0c0628e2776b820e128bec88b49b8d692fe682f90b4f", size = 104042 }
wheels = [
    { url = "https://files.pythonhosted.org/packages/a3/e6/e51367c28d69b5a462f38987f6024e766fd8205f121fe2f4d8ba2a6886b9/PyQt5_sip-12.17.0-cp312-cp312-macosx_10_9_universal2.whl", hash = "sha256:ea08341c8a5da00c81df0d689ecd4ee47a95e1ecad9e362581c92513f2068005", size = 124650 },
    { url = "https://files.pythonhosted.org/packages/64/3b/e6d1f772b41d8445d6faf86cc9da65910484ebd9f7df83abc5d4955437d0/PyQt5_sip-12.17.0-cp312-cp312-manylinux_2_5_x86_64.manylinux1_x86_64.whl", hash = "sha256:4a92478d6808040fbe614bb61500fbb3f19f72714b99369ec28d26a7e3494115", size = 281893 },
    { url = "https://files.pythonhosted.org/packages/ed/c5/d17fc2ddb9156a593710c88afd98abcf4055a2224b772f8bec2c6eea879c/PyQt5_sip-12.17.0-cp312-cp312-win32.whl", hash = "sha256:b0ff280b28813e9bfd3a4de99490739fc29b776dc48f1c849caca7239a10fc8b", size = 49438 },
    { url = "https://files.pythonhosted.org/packages/fe/c5/1174988d52c732d07033cf9a5067142b01d76be7731c6394a64d5c3ef65c/PyQt5_sip-12.17.0-cp312-cp312-win_amd64.whl", hash = "sha256:54c31de7706d8a9a8c0fc3ea2c70468aba54b027d4974803f8eace9c22aad41c", size = 58017 },
    { url = "https://files.pythonhosted.org/packages/fd/5d/f234e505af1a85189310521447ebc6052ebb697efded850d0f2b2555f7aa/PyQt5_sip-12.17.0-cp313-cp313-macosx_10_13_universal2.whl", hash = "sha256:c7a7ff355e369616b6bcb41d45b742327c104b2bf1674ec79b8d67f8f2fa9543", size = 124580 },
    { url = "https://files.pythonhosted.org/packages/cd/cb/3b2050e9644d0021bdf25ddf7e4c3526e1edd0198879e76ba308e5d44faf/PyQt5_sip-12.17.0-cp313-cp313-manylinux_2_5_x86_64.manylinux1_x86_64.whl", hash = "sha256:419b9027e92b0b707632c370cfc6dc1f3b43c6313242fc4db57a537029bd179c", size = 281563 },
    { url = "https://files.pythonhosted.org/packages/51/61/b8ebde7e0b32d0de44c521a0ace31439885b0423d7d45d010a2f7d92808c/PyQt5_sip-12.17.0-cp313-cp313-win32.whl", hash = "sha256:351beab964a19f5671b2a3e816ecf4d3543a99a7e0650f88a947fea251a7589f", size = 49383 },
    { url = "https://files.pythonhosted.org/packages/15/ed/ff94d6b2910e7627380cb1fc9a518ff966e6d78285c8e54c9422b68305db/PyQt5_sip-12.17.0-cp313-cp313-win_amd64.whl", hash = "sha256:672c209d05661fab8e17607c193bf43991d268a1eefbc2c4551fbf30fd8bb2ca", size = 58022 },
]

[[package]]
name = "pywin32-ctypes"
version = "0.2.3"
source = { registry = "https://pypi.org/simple" }
sdist = { url = "https://files.pythonhosted.org/packages/85/9f/01a1a99704853cb63f253eea009390c88e7131c67e66a0a02099a8c917cb/pywin32-ctypes-0.2.3.tar.gz", hash = "sha256:d162dc04946d704503b2edc4d55f3dba5c1d539ead017afa00142c38b9885755", size = 29471 }
wheels = [
    { url = "https://files.pythonhosted.org/packages/de/3d/8161f7711c017e01ac9f008dfddd9410dff3674334c233bde66e7ba65bbf/pywin32_ctypes-0.2.3-py3-none-any.whl", hash = "sha256:8a1513379d709975552d202d942d9837758905c8d01eb82b8bcc30918929e7b8", size = 30756 },
]

[[package]]
name = "setuptools"
version = "80.3.1"
source = { registry = "https://pypi.org/simple" }
sdist = { url = "https://files.pythonhosted.org/packages/70/dc/3976b322de9d2e87ed0007cf04cc7553969b6c7b3f48a565d0333748fbcd/setuptools-80.3.1.tar.gz", hash = "sha256:31e2c58dbb67c99c289f51c16d899afedae292b978f8051efaf6262d8212f927", size = 1315082 }
wheels = [
    { url = "https://files.pythonhosted.org/packages/53/7e/5d8af3317ddbf9519b687bd1c39d8737fde07d97f54df65553faca5cffb1/setuptools-80.3.1-py3-none-any.whl", hash = "sha256:ea8e00d7992054c4c592aeb892f6ad51fe1b4d90cc6947cc45c45717c40ec537", size = 1201172 },
]

[[package]]
name = "trimesh"
version = "4.6.8"
source = { registry = "https://pypi.org/simple" }
dependencies = [
    { name = "numpy" },
]
sdist = { url = "https://files.pythonhosted.org/packages/75/30/0970d385327e2ea3fad8b2ec9453e48b802e97ba13d85fbda2c45ec20b8a/trimesh-4.6.8.tar.gz", hash = "sha256:d00b1834eaeea2b4326a2f3a98c9e28553f3508430e555bbc424c26a74e01154", size = 797733 }
wheels = [
    { url = "https://files.pythonhosted.org/packages/32/80/c1b40335949fec3ca1ecea7ddb3f4977dfc104d84dc54e9384f7ccc52124/trimesh-4.6.8-py3-none-any.whl", hash = "sha256:a7b1073c001ff0498e30db8ae4cec9182bd36dd68be19dc6afeda6c0ebd9e54d", size = 709296 },
]
